{
  "name": "textlint-ai-writing-website",
  "version": "1.0.0",
  "lockfileVersion": 3,
  "requires": true,
  "packages": {
    "": {
      "name": "textlint-ai-writing-website",
      "version": "1.0.0",
      "dependencies": {
        "@textlint-ja/textlint-rule-preset-ai-writing": "file:.."
      }
    },
    "..": {
      "name": "@textlint-ja/textlint-rule-preset-ai-writing",
      "version": "1.6.1",
      "license": "MIT",
      "dependencies": {
        "@textlint/regexp-string-matcher": "^2.0.2",
        "kuromojin": "^3.0.1",
        "textlint-util-to-string": "^3.3.4"
      },
      "devDependencies": {
        "@biomejs/biome": "^2.0.6",
        "@textlint/types": "^14.8.4",
        "@textlint/website-generator": "^0.18.0",
        "@types/node": "^24.0.1",
        "gh-pages": "^6.3.0",
        "husky": "^9.1.7",
        "lint-staged": "^16.1.2",
        "textlint": "^14.8.4",
        "textlint-rule-preset-japanese": "^10.0.4",
        "textlint-scripts": "^14.8.4",
        "textlint-tester": "^14.8.4",
        "ts-node": "^10.9.2",
        "typescript": "^5.8.3"
      }
    },
    "node_modules/@textlint-ja/textlint-rule-preset-ai-writing": {
      "resolved": "..",
      "link": true
    }
  }
}
